
Microsoft Visual Studio Solution File, Format Version 12.00
# Visual Studio Version 17
VisualStudioVersion = 17.0.31903.59
MinimumVisualStudioVersion = 10.0.40219.1
Project("{FAE04EC0-301F-11D3-BF4B-00C04F79EFBC}") = "API", "API\API.csproj", "{FDDF4458-AD2E-4C78-A84F-E5FB9DC8877C}"
EndProject
Global
	GlobalSection(SolutionConfigurationPlatforms) = preSolution
		Debug|Any CPU = Debug|Any CPU
		Release|Any CPU = Release|Any CPU
	EndGlobalSection
	GlobalSection(SolutionProperties) = preSolution
		HideSolutionNode = FALSE
	EndGlobalSection
	GlobalSection(ProjectConfigurationPlatforms) = postSolution
		{FDDF4458-AD2E-4C78-A84F-E5FB9DC8877C}.Debug|Any CPU.ActiveCfg = Debug|Any CPU
		{FDDF4458-AD2E-4C78-A84F-E5FB9DC8877C}.Debug|Any CPU.Build.0 = Debug|Any CPU
		{FDDF4458-AD2E-4C78-A84F-E5FB9DC8877C}.Release|Any CPU.ActiveCfg = Release|Any CPU
		{FDDF4458-AD2E-4C78-A84F-E5FB9DC8877C}.Release|Any CPU.Build.0 = Release|Any CPU
	EndGlobalSection
EndGlobal
